
Microsoft Visual Studio Solution File, Format Version 12.00
# Visual Studio Version 16
VisualStudioVersion = 16.0.29920.165
MinimumVisualStudioVersion = 10.0.40219.1
Project("{FAE04EC0-301F-11D3-BF4B-00C04F79EFBC}") = "TugasAkhir", "TugasAkhir\TugasAkhir.csproj", "{B46025B6-B6A2-4CB6-BD84-6E8A84EED32D}"
EndProject
Global
	GlobalSection(SolutionConfigurationPlatforms) = preSolution
		Debug|Any CPU = Debug|Any CPU
		Release|Any CPU = Release|Any CPU
	EndGlobalSection
	GlobalSection(ProjectConfigurationPlatforms) = postSolution
		{B46025B6-B6A2-4CB6-BD84-6E8A84EED32D}.Debug|Any CPU.ActiveCfg = Debug|Any CPU
		{B46025B6-B6A2-4CB6-BD84-6E8A84EED32D}.Debug|Any CPU.Build.0 = Debug|Any CPU
		{B46025B6-B6A2-4CB6-BD84-6E8A84EED32D}.Release|Any CPU.ActiveCfg = Release|Any CPU
		{B46025B6-B6A2-4CB6-BD84-6E8A84EED32D}.Release|Any CPU.Build.0 = Release|Any CPU
	EndGlobalSection
	GlobalSection(SolutionProperties) = preSolution
		HideSolutionNode = FALSE
	EndGlobalSection
	GlobalSection(ExtensibilityGlobals) = postSolution
		SolutionGuid = {D9043F79-C79E-4BB9-8BDB-3DA378132DB5}
	EndGlobalSection
EndGlobal
